
Microsoft Visual Studio Solution File, Format Version 12.00
# Visual Studio Version 16
VisualStudioVersion = 16.0.28531.58
MinimumVisualStudioVersion = 10.0.40219.1
Project("{FAE04EC0-301F-11D3-BF4B-00C04F79EFBC}") = "Test2.1", "Test2.1\Test2.1.csproj", "{7CB0DD6C-2270-4C66-AE7B-EB8AA76B7254}"
EndProject
Global
	GlobalSection(SolutionConfigurationPlatforms) = preSolution
		Debug|Any CPU = Debug|Any CPU
		Release|Any CPU = Release|Any CPU
	EndGlobalSection
	GlobalSection(ProjectConfigurationPlatforms) = postSolution
		{7CB0DD6C-2270-4C66-AE7B-EB8AA76B7254}.Debug|Any CPU.ActiveCfg = Debug|Any CPU
		{7CB0DD6C-2270-4C66-AE7B-EB8AA76B7254}.Debug|Any CPU.Build.0 = Debug|Any CPU
		{7CB0DD6C-2270-4C66-AE7B-EB8AA76B7254}.Release|Any CPU.ActiveCfg = Release|Any CPU
		{7CB0DD6C-2270-4C66-AE7B-EB8AA76B7254}.Release|Any CPU.Build.0 = Release|Any CPU
	EndGlobalSection
	GlobalSection(SolutionProperties) = preSolution
		HideSolutionNode = FALSE
	EndGlobalSection
	GlobalSection(ExtensibilityGlobals) = postSolution
		SolutionGuid = {20862ED8-DC53-4841-80F9-82EC84B82F40}
	EndGlobalSection
EndGlobal
